
Microsoft Visual Studio Solution File, Format Version 12.00
# Visual Studio Version 17
VisualStudioVersion = 17.1.32328.378
MinimumVisualStudioVersion = 10.0.40219.1
Project("{FAE04EC0-301F-11D3-BF4B-00C04F79EFBC}") = "ProductoAPI", "ProductoAPI\ProductoAPI.csproj", "{4B740CD2-210B-4286-8EF0-E13D07EA7E31}"
EndProject
Global
	GlobalSection(SolutionConfigurationPlatforms) = preSolution
		Debug|Any CPU = Debug|Any CPU
		Release|Any CPU = Release|Any CPU
	EndGlobalSection
	GlobalSection(ProjectConfigurationPlatforms) = postSolution
		{4B740CD2-210B-4286-8EF0-E13D07EA7E31}.Debug|Any CPU.ActiveCfg = Debug|Any CPU
		{4B740CD2-210B-4286-8EF0-E13D07EA7E31}.Debug|Any CPU.Build.0 = Debug|Any CPU
		{4B740CD2-210B-4286-8EF0-E13D07EA7E31}.Release|Any CPU.ActiveCfg = Release|Any CPU
		{4B740CD2-210B-4286-8EF0-E13D07EA7E31}.Release|Any CPU.Build.0 = Release|Any CPU
	EndGlobalSection
	GlobalSection(SolutionProperties) = preSolution
		HideSolutionNode = FALSE
	EndGlobalSection
	GlobalSection(ExtensibilityGlobals) = postSolution
		SolutionGuid = {D61F4AF1-35EA-4A42-88BA-638CEF584C7B}
	EndGlobalSection
EndGlobal
